
Microsoft Visual Studio Solution File, Format Version 12.00
# Visual Studio 15
VisualStudioVersion = 15.0.28307.705
MinimumVisualStudioVersion = 10.0.40219.1
Project("{9A19103F-16F7-4668-BE54-9A1E7A4F7556}") = "testeef", "testeef.csproj", "{B07F966F-F3F8-4576-B5FD-5B1B9513DA60}"
EndProject
Global
	GlobalSection(SolutionConfigurationPlatforms) = preSolution
		Debug|Any CPU = Debug|Any CPU
		Release|Any CPU = Release|Any CPU
	EndGlobalSection
	GlobalSection(ProjectConfigurationPlatforms) = postSolution
		{B07F966F-F3F8-4576-B5FD-5B1B9513DA60}.Debug|Any CPU.ActiveCfg = Debug|Any CPU
		{B07F966F-F3F8-4576-B5FD-5B1B9513DA60}.Debug|Any CPU.Build.0 = Debug|Any CPU
		{B07F966F-F3F8-4576-B5FD-5B1B9513DA60}.Release|Any CPU.ActiveCfg = Release|Any CPU
		{B07F966F-F3F8-4576-B5FD-5B1B9513DA60}.Release|Any CPU.Build.0 = Release|Any CPU
	EndGlobalSection
	GlobalSection(SolutionProperties) = preSolution
		HideSolutionNode = FALSE
	EndGlobalSection
	GlobalSection(ExtensibilityGlobals) = postSolution
		SolutionGuid = {900DA508-1143-4FDD-97D6-AFD7812EA52E}
	EndGlobalSection
EndGlobal
